
Microsoft Visual Studio Solution File, Format Version 12.00
# Visual Studio Version 17
VisualStudioVersion = 17.3.32819.101
MinimumVisualStudioVersion = 10.0.40219.1
Project("{FAE04EC0-301F-11D3-BF4B-00C04F79EFBC}") = "Api", "Api\Api.csproj", "{D5402CBF-152B-4432-8FB9-CD71E4931777}"
EndProject
Project("{FAE04EC0-301F-11D3-BF4B-00C04F79EFBC}") = "Application", "Application\Application.csproj", "{47846018-8F42-4673-8000-582E427FE712}"
EndProject
Project("{FAE04EC0-301F-11D3-BF4B-00C04F79EFBC}") = "Domain", "Domain\Domain.csproj", "{E2DB9CF1-34DA-461B-9138-F1E6FB32B41E}"
EndProject
Project("{FAE04EC0-301F-11D3-BF4B-00C04F79EFBC}") = "Infrastructure", "Infrastructure\Infrastructure.csproj", "{AE3FF7E4-C9F5-46D6-8620-B46A2EE5DC68}"
EndProject
Project("{2150E333-8FDC-42A3-9474-1A3956D46DE8}") = "src", "src", "{13076A8C-FE80-4C0D-B42E-C5763DC60772}"
EndProject
Project("{2150E333-8FDC-42A3-9474-1A3956D46DE8}") = "tests", "tests", "{8C901C5F-3F04-40AD-8855-CD9B90362035}"
EndProject
Project("{FAE04EC0-301F-11D3-BF4B-00C04F79EFBC}") = "Api", "tests\Api\Api.csproj", "{9C41E3FF-BC58-420A-AF23-00B19EEA435D}"
EndProject
Project("{FAE04EC0-301F-11D3-BF4B-00C04F79EFBC}") = "Application", "tests\Application\Application.csproj", "{E66DD8B8-D577-4FE8-AE8A-65494A7128AA}"
EndProject
Project("{FAE04EC0-301F-11D3-BF4B-00C04F79EFBC}") = "Domain", "tests\Domain\Domain.csproj", "{BF7C2FFA-48D2-4A71-A74E-BF37FA48D027}"
EndProject
Project("{FAE04EC0-301F-11D3-BF4B-00C04F79EFBC}") = "Infrastructue", "tests\Infrastructue\Infrastructue.csproj", "{F985BC0D-8CC9-49B6-A509-BC1B8AA27DAD}"
EndProject
Global
	GlobalSection(SolutionConfigurationPlatforms) = preSolution
		Debug|Any CPU = Debug|Any CPU
		Release|Any CPU = Release|Any CPU
	EndGlobalSection
	GlobalSection(ProjectConfigurationPlatforms) = postSolution
		{D5402CBF-152B-4432-8FB9-CD71E4931777}.Debug|Any CPU.ActiveCfg = Debug|Any CPU
		{D5402CBF-152B-4432-8FB9-CD71E4931777}.Debug|Any CPU.Build.0 = Debug|Any CPU
		{D5402CBF-152B-4432-8FB9-CD71E4931777}.Release|Any CPU.ActiveCfg = Release|Any CPU
		{D5402CBF-152B-4432-8FB9-CD71E4931777}.Release|Any CPU.Build.0 = Release|Any CPU
		{47846018-8F42-4673-8000-582E427FE712}.Debug|Any CPU.ActiveCfg = Debug|Any CPU
		{47846018-8F42-4673-8000-582E427FE712}.Debug|Any CPU.Build.0 = Debug|Any CPU
		{47846018-8F42-4673-8000-582E427FE712}.Release|Any CPU.ActiveCfg = Release|Any CPU
		{47846018-8F42-4673-8000-582E427FE712}.Release|Any CPU.Build.0 = Release|Any CPU
		{E2DB9CF1-34DA-461B-9138-F1E6FB32B41E}.Debug|Any CPU.ActiveCfg = Debug|Any CPU
		{E2DB9CF1-34DA-461B-9138-F1E6FB32B41E}.Debug|Any CPU.Build.0 = Debug|Any CPU
		{E2DB9CF1-34DA-461B-9138-F1E6FB32B41E}.Release|Any CPU.ActiveCfg = Release|Any CPU
		{E2DB9CF1-34DA-461B-9138-F1E6FB32B41E}.Release|Any CPU.Build.0 = Release|Any CPU
		{AE3FF7E4-C9F5-46D6-8620-B46A2EE5DC68}.Debug|Any CPU.ActiveCfg = Debug|Any CPU
		{AE3FF7E4-C9F5-46D6-8620-B46A2EE5DC68}.Debug|Any CPU.Build.0 = Debug|Any CPU
		{AE3FF7E4-C9F5-46D6-8620-B46A2EE5DC68}.Release|Any CPU.ActiveCfg = Release|Any CPU
		{AE3FF7E4-C9F5-46D6-8620-B46A2EE5DC68}.Release|Any CPU.Build.0 = Release|Any CPU
		{9C41E3FF-BC58-420A-AF23-00B19EEA435D}.Debug|Any CPU.ActiveCfg = Debug|Any CPU
		{9C41E3FF-BC58-420A-AF23-00B19EEA435D}.Debug|Any CPU.Build.0 = Debug|Any CPU
		{9C41E3FF-BC58-420A-AF23-00B19EEA435D}.Release|Any CPU.ActiveCfg = Release|Any CPU
		{9C41E3FF-BC58-420A-AF23-00B19EEA435D}.Release|Any CPU.Build.0 = Release|Any CPU
		{E66DD8B8-D577-4FE8-AE8A-65494A7128AA}.Debug|Any CPU.ActiveCfg = Debug|Any CPU
		{E66DD8B8-D577-4FE8-AE8A-65494A7128AA}.Debug|Any CPU.Build.0 = Debug|Any CPU
		{E66DD8B8-D577-4FE8-AE8A-65494A7128AA}.Release|Any CPU.ActiveCfg = Release|Any CPU
		{E66DD8B8-D577-4FE8-AE8A-65494A7128AA}.Release|Any CPU.Build.0 = Release|Any CPU
		{BF7C2FFA-48D2-4A71-A74E-BF37FA48D027}.Debug|Any CPU.ActiveCfg = Debug|Any CPU
		{BF7C2FFA-48D2-4A71-A74E-BF37FA48D027}.Debug|Any CPU.Build.0 = Debug|Any CPU
		{BF7C2FFA-48D2-4A71-A74E-BF37FA48D027}.Release|Any CPU.ActiveCfg = Release|Any CPU
		{BF7C2FFA-48D2-4A71-A74E-BF37FA48D027}.Release|Any CPU.Build.0 = Release|Any CPU
		{F985BC0D-8CC9-49B6-A509-BC1B8AA27DAD}.Debug|Any CPU.ActiveCfg = Debug|Any CPU
		{F985BC0D-8CC9-49B6-A509-BC1B8AA27DAD}.Debug|Any CPU.Build.0 = Debug|Any CPU
		{F985BC0D-8CC9-49B6-A509-BC1B8AA27DAD}.Release|Any CPU.ActiveCfg = Release|Any CPU
		{F985BC0D-8CC9-49B6-A509-BC1B8AA27DAD}.Release|Any CPU.Build.0 = Release|Any CPU
	EndGlobalSection
	GlobalSection(SolutionProperties) = preSolution
		HideSolutionNode = FALSE
	EndGlobalSection
	GlobalSection(NestedProjects) = preSolution
		{D5402CBF-152B-4432-8FB9-CD71E4931777} = {13076A8C-FE80-4C0D-B42E-C5763DC60772}
		{47846018-8F42-4673-8000-582E427FE712} = {13076A8C-FE80-4C0D-B42E-C5763DC60772}
		{E2DB9CF1-34DA-461B-9138-F1E6FB32B41E} = {13076A8C-FE80-4C0D-B42E-C5763DC60772}
		{AE3FF7E4-C9F5-46D6-8620-B46A2EE5DC68} = {13076A8C-FE80-4C0D-B42E-C5763DC60772}
		{9C41E3FF-BC58-420A-AF23-00B19EEA435D} = {8C901C5F-3F04-40AD-8855-CD9B90362035}
		{E66DD8B8-D577-4FE8-AE8A-65494A7128AA} = {8C901C5F-3F04-40AD-8855-CD9B90362035}
		{BF7C2FFA-48D2-4A71-A74E-BF37FA48D027} = {8C901C5F-3F04-40AD-8855-CD9B90362035}
		{F985BC0D-8CC9-49B6-A509-BC1B8AA27DAD} = {8C901C5F-3F04-40AD-8855-CD9B90362035}
	EndGlobalSection
	GlobalSection(ExtensibilityGlobals) = postSolution
		SolutionGuid = {E83686CF-2A98-44E0-9350-867C6905D6C0}
	EndGlobalSection
EndGlobal
